github.com/durmaze/gobank v0.0.0-20190411075543-aa169ba28e80 h1:XjtfMCRIO1/BRzD8l2TwELPQ/an4DpInKIIZs+bal2I=
github.com/durmaze/gobank v0.0.0-20190411075543-aa169ba28e80/go.mod h1:Aqm7vGojpGmYTHn1NFnMWaF8t5LOR1PcewIJZPMw7dc=
github.com/gorilla/mux v1.8.1 h1:TuBL49tXwgrFYWhqrNgrUNEY92u81SPhu7sTdzQEiWY=
github.com/gorilla/mux v1.8.1/go.mod h1:AKf9I4AEqPTmMytcMc0KkNouC66V3BtZ4qD5fmWSiMQ=
github.com/lib/pq v1.10.9 h1:YXG7RB+JIjhP29X+OtkiDnYaXQwpS4JEWq7dtCCRUEw=
github.com/lib/pq v1.10.9/go.mod h1:AlVN5x4E4T544tWzH6hKfbfQvm3HdbOxrmggDNAPY9o=
github.com/parnurzeal/gorequest v0.2.16 h1:T/5x+/4BT+nj+3eSknXmCTnEVGSzFzPGdpqmUVVZXHQ=
github.com/parnurzeal/gorequest v0.2.16/go.mod h1:3Kh2QUMJoqw3icWAecsyzkpY7UzRfDhbRdTjtNwNiUE=
github.com/pkg/errors v0.9.1 h1:FEBLx1zS214owpjy7qsBeixbURkuhQAwrK5UwLGTwt4=
github.com/pkg/errors v0.9.1/go.mod h1:bwawxfHBFNV+L2hUp1rHADufV3IMtnDRdf1r5NINEl0=
golang.org/x/net v0.19.0 h1:zTwKpTd2XuCqf8huc7Fo2iSy+4RHPd10s4KzeTnVr1c=
golang.org/x/net v0.19.0/go.mod h1:CfAk/cbD4CthTvqiEl8NpboMuiuOYsAr/7NOjZJtv1U=
moul.io/http2curl v1.0.0 h1:6XwpyZOYsgZJrU8exnG87ncVkU1FVCcTRpwzOkTDUi8=
moul.io/http2curl v1.0.0/go.mod h1:f6cULg+e4Md/oW1cYmwW4IWQOVl2lGbmCNGOHvzX2kE=
